
Microsoft Visual Studio Solution File, Format Version 12.00
# Visual Studio Version 16
VisualStudioVersion = 16.0.31424.327
MinimumVisualStudioVersion = 10.0.40219.1
Project("{FAE04EC0-301F-11D3-BF4B-00C04F79EFBC}") = "Casestudy", "Casestudy\Casestudy.csproj", "{678B3D9A-B07B-479E-B2E8-54D151804A11}"
EndProject
Global
	GlobalSection(SolutionConfigurationPlatforms) = preSolution
		Debug|Any CPU = Debug|Any CPU
		Release|Any CPU = Release|Any CPU
	EndGlobalSection
	GlobalSection(ProjectConfigurationPlatforms) = postSolution
		{678B3D9A-B07B-479E-B2E8-54D151804A11}.Debug|Any CPU.ActiveCfg = Debug|Any CPU
		{678B3D9A-B07B-479E-B2E8-54D151804A11}.Debug|Any CPU.Build.0 = Debug|Any CPU
		{678B3D9A-B07B-479E-B2E8-54D151804A11}.Release|Any CPU.ActiveCfg = Release|Any CPU
		{678B3D9A-B07B-479E-B2E8-54D151804A11}.Release|Any CPU.Build.0 = Release|Any CPU
	EndGlobalSection
	GlobalSection(SolutionProperties) = preSolution
		HideSolutionNode = FALSE
	EndGlobalSection
	GlobalSection(ExtensibilityGlobals) = postSolution
		SolutionGuid = {CEE90FA3-F339-4481-A9CB-84D3350D6915}
	EndGlobalSection
EndGlobal
